
components/layout/contentblock/variant:
  contents:
    - container: {
      title: "Container",
      value: "container"
    }
    - containerVideo: {
      title: "Container with Video Background",
      value: "containerVideo"
    }
    - floating: {
      title: "Floating Section",
      value: "floating"
    }
    - advsection: {
      title: "Advanced Section with Title",
      value: "advsection"
    }
    - fieldset: {
      title: "Field Set in Form",
      value: "fieldset"
    }
    - descriptionlist: {
      title: "Description List",
      value: "descriptionlist"
    }
    - parsys: {
      title: "Classic Parsys",
      value: "parsys"
    }
    - childsection: {
      title: "Child Section",
      value: "childsection"
    }
    - componentConfig: {
      title: "Section with Component Config Output",
      value: "componentConfig"
    }
    - accordion: {
      title: "Accordion",
      value: "accordion"
    }
